// !$*UTF8*$!
{
	archiveVersion = 1;
	classes = {
	};
	objectVersion = 51;
	objects = {

/* Begin PBXBuildFile section */
		18CB45E823CD975700C470A1 /* AppDelegate.swift in Sources */ = {isa = PBXBuildFile; fileRef = 18CB45E723CD975700C470A1 /* AppDelegate.swift */; };
		18CB45EC23CD975700C470A1 /* ViewController.swift in Sources */ = {isa = PBXBuildFile; fileRef = 18CB45EB23CD975700C470A1 /* ViewController.swift */; };
		18CB45EF23CD975700C470A1 /* Main.storyboard in Resources */ = {isa = PBXBuildFile; fileRef = 18CB45ED23CD975700C470A1 /* Main.storyboard */; };
		18CB45F123CD975800C470A1 /* Assets.xcassets in Resources */ = {isa = PBXBuildFile; fileRef = 18CB45F023CD975800C470A1 /* Assets.xcassets */; };
		18CB45F423CD975800C470A1 /* LaunchScreen.storyboard in Resources */ = {isa = PBXBuildFile; fileRef = 18CB45F223CD975800C470A1 /* LaunchScreen.storyboard */; };
		18CB460B23D19E9800C470A1 /* NetworkExtension.framework in Frameworks */ = {isa = PBXBuildFile; fileRef = 18CB460A23D19E9800C470A1 /* NetworkExtension.framework */; };
		18CB460D23D2A84400C470A1 /* Network.framework in Frameworks */ = {isa = PBXBuildFile; fileRef = 18CB460C23D2A84300C470A1 /* Network.framework */; };
		18CB46E023D54BF600C470A1 /* VPNIKEv2.framework in Frameworks */ = {isa = PBXBuildFile; fileRef = 18CB46DF23D54BF600C470A1 /* VPNIKEv2.framework */; };
		18CB46E123D54BF600C470A1 /* VPNIKEv2.framework in Embed Frameworks */ = {isa = PBXBuildFile; fileRef = 18CB46DF23D54BF600C470A1 /* VPNIKEv2.framework */; settings = {ATTRIBUTES = (CodeSignOnCopy, RemoveHeadersOnCopy, ); }; };
		18CB46E423D54FCE00C470A1 /* README.md in Resources */ = {isa = PBXBuildFile; fileRef = 18CB46E323D54FCE00C470A1 /* README.md */; };
		7941F47A10B0C4A6BC6B5B46 /* Pods_VPN.framework in Frameworks */ = {isa = PBXBuildFile; fileRef = 62494300AF8CC76832BB4205 /* Pods_VPN.framework */; };
/* End PBXBuildFile section */

/* Begin PBXCopyFilesBuildPhase section */
		18CB46E223D54BF600C470A1 /* Embed Frameworks */ = {
			isa = PBXCopyFilesBuildPhase;
			buildActionMask = 2147483647;
			dstPath = "";
			dstSubfolderSpec = 10;
			files = (
				18CB46E123D54BF600C470A1 /* VPNIKEv2.framework in Embed Frameworks */,
			);
			name = "Embed Frameworks";
			runOnlyForDeploymentPostprocessing = 0;
		};
/* End PBXCopyFilesBuildPhase section */

/* Begin PBXFileReference section */
		18CB45E423CD975700C470A1 /* VPN(L2TP).app */ = {isa = PBXFileReference; explicitFileType = wrapper.application; includeInIndex = 0; path = "VPN(L2TP).app"; sourceTree = BUILT_PRODUCTS_DIR; };
		18CB45E723CD975700C470A1 /* AppDelegate.swift */ = {isa = PBXFileReference; lastKnownFileType = sourcecode.swift; path = AppDelegate.swift; sourceTree = "<group>"; };
		18CB45EB23CD975700C470A1 /* ViewController.swift */ = {isa = PBXFileReference; lastKnownFileType = sourcecode.swift; path = ViewController.swift; sourceTree = "<group>"; };
		18CB45EE23CD975700C470A1 /* Base */ = {isa = PBXFileReference; lastKnownFileType = file.storyboard; name = Base; path = Base.lproj/Main.storyboard; sourceTree = "<group>"; };
		18CB45F023CD975800C470A1 /* Assets.xcassets */ = {isa = PBXFileReference; lastKnownFileType = folder.assetcatalog; path = Assets.xcassets; sourceTree = "<group>"; };
		18CB45F323CD975800C470A1 /* Base */ = {isa = PBXFileReference; lastKnownFileType = file.storyboard; name = Base; path = Base.lproj/LaunchScreen.storyboard; sourceTree = "<group>"; };
		18CB45F523CD975800C470A1 /* Info.plist */ = {isa = PBXFileReference; lastKnownFileType = text.plist.xml; path = Info.plist; sourceTree = "<group>"; };
		18CB460023CF0AC400C470A1 /* VPN-Bridging-Header.h */ = {isa = PBXFileReference; lastKnownFileType = sourcecode.c.h; path = "VPN-Bridging-Header.h"; sourceTree = "<group>"; };
		18CB460923D19E9800C470A1 /* VPN.entitlements */ = {isa = PBXFileReference; lastKnownFileType = text.plist.entitlements; path = VPN.entitlements; sourceTree = "<group>"; };
		18CB460A23D19E9800C470A1 /* NetworkExtension.framework */ = {isa = PBXFileReference; lastKnownFileType = wrapper.framework; name = NetworkExtension.framework; path = System/Library/Frameworks/NetworkExtension.framework; sourceTree = SDKROOT; };
		18CB460C23D2A84300C470A1 /* Network.framework */ = {isa = PBXFileReference; lastKnownFileType = wrapper.framework; name = Network.framework; path = System/Library/Frameworks/Network.framework; sourceTree = SDKROOT; };
		18CB46DF23D54BF600C470A1 /* VPNIKEv2.framework */ = {isa = PBXFileReference; lastKnownFileType = wrapper.framework; path = VPNIKEv2.framework; sourceTree = "<group>"; };
		18CB46E323D54FCE00C470A1 /* README.md */ = {isa = PBXFileReference; fileEncoding = 4; lastKnownFileType = net.daringfireball.markdown; name = README.md; path = ../README.md; sourceTree = "<group>"; };
		46C81570A7DABCD51EC4A515 /* Pods-VPN.release.xcconfig */ = {isa = PBXFileReference; includeInIndex = 1; lastKnownFileType = text.xcconfig; name = "Pods-VPN.release.xcconfig"; path = "Target Support Files/Pods-VPN/Pods-VPN.release.xcconfig"; sourceTree = "<group>"; };
		62494300AF8CC76832BB4205 /* Pods_VPN.framework */ = {isa = PBXFileReference; explicitFileType = wrapper.framework; includeInIndex = 0; path = Pods_VPN.framework; sourceTree = BUILT_PRODUCTS_DIR; };
		BC9F81ADCB85924792A4C1E1 /* Pods-VPN.debug.xcconfig */ = {isa = PBXFileReference; includeInIndex = 1; lastKnownFileType = text.xcconfig; name = "Pods-VPN.debug.xcconfig"; path = "Target Support Files/Pods-VPN/Pods-VPN.debug.xcconfig"; sourceTree = "<group>"; };
/* End PBXFileReference section */

/* Begin PBXFrameworksBuildPhase section */
		18CB45E123CD975700C470A1 /* Frameworks */ = {
			isa = PBXFrameworksBuildPhase;
			buildActionMask = 2147483647;
			files = (
				7941F47A10B0C4A6BC6B5B46 /* Pods_VPN.framework in Frameworks */,
				18CB460B23D19E9800C470A1 /* NetworkExtension.framework in Frameworks */,
				18CB460D23D2A84400C470A1 /* Network.framework in Frameworks */,
				18CB46E023D54BF600C470A1 /* VPNIKEv2.framework in Frameworks */,
			);
			runOnlyForDeploymentPostprocessing = 0;
		};
/* End PBXFrameworksBuildPhase section */

/* Begin PBXGroup section */
		18CB45DB23CD975700C470A1 = {
			isa = PBXGroup;
			children = (
				18CB45E623CD975700C470A1 /* VPN */,
				18CB45E523CD975700C470A1 /* Products */,
				18CB45FB23CD976500C470A1 /* Frameworks */,
				72025E5946E0B0F25CAE7AEF /* Pods */,
			);
			sourceTree = "<group>";
		};
		18CB45E523CD975700C470A1 /* Products */ = {
			isa = PBXGroup;
			children = (
				18CB45E423CD975700C470A1 /* VPN(L2TP).app */,
			);
			name = Products;
			sourceTree = "<group>";
		};
		18CB45E623CD975700C470A1 /* VPN */ = {
			isa = PBXGroup;
			children = (
				18CB460923D19E9800C470A1 /* VPN.entitlements */,
				18CB45E723CD975700C470A1 /* AppDelegate.swift */,
				18CB45EB23CD975700C470A1 /* ViewController.swift */,
				18CB45ED23CD975700C470A1 /* Main.storyboard */,
				18CB45F023CD975800C470A1 /* Assets.xcassets */,
				18CB45F223CD975800C470A1 /* LaunchScreen.storyboard */,
				18CB45F523CD975800C470A1 /* Info.plist */,
				18CB460023CF0AC400C470A1 /* VPN-Bridging-Header.h */,
				18CB46E323D54FCE00C470A1 /* README.md */,
			);
			path = VPN;
			sourceTree = "<group>";
		};
		18CB45FB23CD976500C470A1 /* Frameworks */ = {
			isa = PBXGroup;
			children = (
				18CB46DF23D54BF600C470A1 /* VPNIKEv2.framework */,
				18CB460C23D2A84300C470A1 /* Network.framework */,
				18CB460A23D19E9800C470A1 /* NetworkExtension.framework */,
				62494300AF8CC76832BB4205 /* Pods_VPN.framework */,
			);
			name = Frameworks;
			sourceTree = "<group>";
		};
		72025E5946E0B0F25CAE7AEF /* Pods */ = {
			isa = PBXGroup;
			children = (
				BC9F81ADCB85924792A4C1E1 /* Pods-VPN.debug.xcconfig */,
				46C81570A7DABCD51EC4A515 /* Pods-VPN.release.xcconfig */,
			);
			path = Pods;
			sourceTree = "<group>";
		};
/* End PBXGroup section */

/* Begin PBXNativeTarget section */
		18CB45E323CD975700C470A1 /* VPN */ = {
			isa = PBXNativeTarget;
			buildConfigurationList = 18CB45F823CD975800C470A1 /* Build configuration list for PBXNativeTarget "VPN" */;
			buildPhases = (
				FAA6DDDA0793F9F3FD7BF54B /* [CP] Check Pods Manifest.lock */,
				18CB45E023CD975700C470A1 /* Sources */,
				18CB45E123CD975700C470A1 /* Frameworks */,
				18CB45E223CD975700C470A1 /* Resources */,
				32D9E502DEE03F96E6168F85 /* [CP] Embed Pods Frameworks */,
				18CB46E223D54BF600C470A1 /* Embed Frameworks */,
			);
			buildRules = (
			);
			dependencies = (
			);
			name = VPN;
			productName = VPN;
			productReference = 18CB45E423CD975700C470A1 /* VPN(L2TP).app */;
			productType = "com.apple.product-type.application";
		};
/* End PBXNativeTarget section */

/* Begin PBXProject section */
		18CB45DC23CD975700C470A1 /* Project object */ = {
			isa = PBXProject;
			attributes = {
				LastSwiftUpdateCheck = 1130;
				LastUpgradeCheck = 1130;
				ORGANIZATIONNAME = layne;
				TargetAttributes = {
					18CB45E323CD975700C470A1 = {
						CreatedOnToolsVersion = 11.3;
						LastSwiftMigration = 1130;
					};
				};
			};
			buildConfigurationList = 18CB45DF23CD975700C470A1 /* Build configuration list for PBXProject "VPN" */;
			compatibilityVersion = "Xcode 9.3";
			developmentRegion = en;
			hasScannedForEncodings = 0;
			knownRegions = (
				en,
				Base,
			);
			mainGroup = 18CB45DB23CD975700C470A1;
			productRefGroup = 18CB45E523CD975700C470A1 /* Products */;
			projectDirPath = "";
			projectRoot = "";
			targets = (
				18CB45E323CD975700C470A1 /* VPN */,
			);
		};
/* End PBXProject section */

/* Begin PBXResourcesBuildPhase section */
		18CB45E223CD975700C470A1 /* Resources */ = {
			isa = PBXResourcesBuildPhase;
			buildActionMask = 2147483647;
			files = (
				18CB45F423CD975800C470A1 /* LaunchScreen.storyboard in Resources */,
				18CB45F123CD975800C470A1 /* Assets.xcassets in Resources */,
				18CB46E423D54FCE00C470A1 /* README.md in Resources */,
				18CB45EF23CD975700C470A1 /* Main.storyboard in Resources */,
			);
			runOnlyForDeploymentPostprocessing = 0;
		};
/* End PBXResourcesBuildPhase section */

/* Begin PBXShellScriptBuildPhase section */
		32D9E502DEE03F96E6168F85 /* [CP] Embed Pods Frameworks */ = {
			isa = PBXShellScriptBuildPhase;
			buildActionMask = 2147483647;
			files = (
			);
			inputFileListPaths = (
				"${PODS_ROOT}/Target Support Files/Pods-VPN/Pods-VPN-frameworks-${CONFIGURATION}-input-files.xcfilelist",
			);
			name = "[CP] Embed Pods Frameworks";
			outputFileListPaths = (
				"${PODS_ROOT}/Target Support Files/Pods-VPN/Pods-VPN-frameworks-${CONFIGURATION}-output-files.xcfilelist",
			);
			runOnlyForDeploymentPostprocessing = 0;
			shellPath = /bin/sh;
			shellScript = "\"${PODS_ROOT}/Target Support Files/Pods-VPN/Pods-VPN-frameworks.sh\"\n";
			showEnvVarsInLog = 0;
		};
		FAA6DDDA0793F9F3FD7BF54B /* [CP] Check Pods Manifest.lock */ = {
			isa = PBXShellScriptBuildPhase;
			buildActionMask = 2147483647;
			files = (
			);
			inputFileListPaths = (
			);
			inputPaths = (
				"${PODS_PODFILE_DIR_PATH}/Podfile.lock",
				"${PODS_ROOT}/Manifest.lock",
			);
			name = "[CP] Check Pods Manifest.lock";
			outputFileListPaths = (
			);
			outputPaths = (
				"$(DERIVED_FILE_DIR)/Pods-VPN-checkManifestLockResult.txt",
			);
			runOnlyForDeploymentPostprocessing = 0;
			shellPath = /bin/sh;
			shellScript = "diff \"${PODS_PODFILE_DIR_PATH}/Podfile.lock\" \"${PODS_ROOT}/Manifest.lock\" > /dev/null\nif [ $? != 0 ] ; then\n    # print error to STDERR\n    echo \"error: The sandbox is not in sync with the Podfile.lock. Run 'pod install' or update your CocoaPods installation.\" >&2\n    exit 1\nfi\n# This output is used by Xcode 'outputs' to avoid re-running this script phase.\necho \"SUCCESS\" > \"${SCRIPT_OUTPUT_FILE_0}\"\n";
			showEnvVarsInLog = 0;
		};
/* End PBXShellScriptBuildPhase section */

/* Begin PBXSourcesBuildPhase section */
		18CB45E023CD975700C470A1 /* Sources */ = {
			isa = PBXSourcesBuildPhase;
			buildActionMask = 2147483647;
			files = (
				18CB45EC23CD975700C470A1 /* ViewController.swift in Sources */,
				18CB45E823CD975700C470A1 /* AppDelegate.swift in Sources */,
			);
			runOnlyForDeploymentPostprocessing = 0;
		};
/* End PBXSourcesBuildPhase section */

/* Begin PBXVariantGroup section */
		18CB45ED23CD975700C470A1 /* Main.storyboard */ = {
			isa = PBXVariantGroup;
			children = (
				18CB45EE23CD975700C470A1 /* Base */,
			);
			name = Main.storyboard;
			sourceTree = "<group>";
		};
		18CB45F223CD975800C470A1 /* LaunchScreen.storyboard */ = {
			isa = PBXVariantGroup;
			children = (
				18CB45F323CD975800C470A1 /* Base */,
			);
			name = LaunchScreen.storyboard;
			sourceTree = "<group>";
		};
/* End PBXVariantGroup section */

/* Begin XCBuildConfiguration section */
		18CB45F623CD975800C470A1 /* Debug */ = {
			isa = XCBuildConfiguration;
			buildSettings = {
				ALWAYS_SEARCH_USER_PATHS = NO;
				CLANG_ANALYZER_NONNULL = YES;
				CLANG_ANALYZER_NUMBER_OBJECT_CONVERSION = YES_AGGRESSIVE;
				CLANG_CXX_LANGUAGE_STANDARD = "gnu++14";
				CLANG_CXX_LIBRARY = "libc++";
				CLANG_ENABLE_MODULES = YES;
				CLANG_ENABLE_OBJC_ARC = YES;
				CLANG_ENABLE_OBJC_WEAK = YES;
				CLANG_WARN_BLOCK_CAPTURE_AUTORELEASING = YES;
				CLANG_WARN_BOOL_CONVERSION = YES;
				CLANG_WARN_COMMA = YES;
				CLANG_WARN_CONSTANT_CONVERSION = YES;
				CLANG_WARN_DEPRECATED_OBJC_IMPLEMENTATIONS = YES;
				CLANG_WARN_DIRECT_OBJC_ISA_USAGE = YES_ERROR;
				CLANG_WARN_DOCUMENTATION_COMMENTS = YES;
				CLANG_WARN_EMPTY_BODY = YES;
				CLANG_WARN_ENUM_CONVERSION = YES;
				CLANG_WARN_INFINITE_RECURSION = YES;
				CLANG_WARN_INT_CONVERSION = YES;
				CLANG_WARN_NON_LITERAL_NULL_CONVERSION = YES;
				CLANG_WARN_OBJC_IMPLICIT_RETAIN_SELF = YES;
				CLANG_WARN_OBJC_LITERAL_CONVERSION = YES;
				CLANG_WARN_OBJC_ROOT_CLASS = YES_ERROR;
				CLANG_WARN_RANGE_LOOP_ANALYSIS = YES;
				CLANG_WARN_STRICT_PROTOTYPES = YES;
				CLANG_WARN_SUSPICIOUS_MOVE = YES;
				CLANG_WARN_UNGUARDED_AVAILABILITY = YES_AGGRESSIVE;
				CLANG_WARN_UNREACHABLE_CODE = YES;
				CLANG_WARN__DUPLICATE_METHOD_MATCH = YES;
				COPY_PHASE_STRIP = NO;
				DEBUG_INFORMATION_FORMAT = dwarf;
				ENABLE_STRICT_OBJC_MSGSEND = YES;
				ENABLE_TESTABILITY = YES;
				GCC_C_LANGUAGE_STANDARD = gnu11;
				GCC_DYNAMIC_NO_PIC = NO;
				GCC_NO_COMMON_BLOCKS = YES;
				GCC_OPTIMIZATION_LEVEL = 0;
				GCC_PREPROCESSOR_DEFINITIONS = (
					"DEBUG=1",
					"$(inherited)",
				);
				GCC_WARN_64_TO_32_BIT_CONVERSION = YES;
				GCC_WARN_ABOUT_RETURN_TYPE = YES_ERROR;
				GCC_WARN_UNDECLARED_SELECTOR = YES;
				GCC_WARN_UNINITIALIZED_AUTOS = YES_AGGRESSIVE;
				GCC_WARN_UNUSED_FUNCTION = YES;
				GCC_WARN_UNUSED_VARIABLE = YES;
				IPHONEOS_DEPLOYMENT_TARGET = 13.2;
				MTL_ENABLE_DEBUG_INFO = INCLUDE_SOURCE;
				MTL_FAST_MATH = YES;
				ONLY_ACTIVE_ARCH = YES;
				SDKROOT = iphoneos;
				SWIFT_ACTIVE_COMPILATION_CONDITIONS = DEBUG;
				SWIFT_OPTIMIZATION_LEVEL = "-Onone";
			};
			name = Debug;
		};
		18CB45F723CD975800C470A1 /* Release */ = {
			isa = XCBuildConfiguration;
			buildSettings = {
				ALWAYS_SEARCH_USER_PATHS = NO;
				CLANG_ANALYZER_NONNULL = YES;
				CLANG_ANALYZER_NUMBER_OBJECT_CONVERSION = YES_AGGRESSIVE;
				CLANG_CXX_LANGUAGE_STANDARD = "gnu++14";
				CLANG_CXX_LIBRARY = "libc++";
				CLANG_ENABLE_MODULES = YES;
				CLANG_ENABLE_OBJC_ARC = YES;
				CLANG_ENABLE_OBJC_WEAK = YES;
				CLANG_WARN_BLOCK_CAPTURE_AUTORELEASING = YES;
				CLANG_WARN_BOOL_CONVERSION = YES;
				CLANG_WARN_COMMA = YES;
				CLANG_WARN_CONSTANT_CONVERSION = YES;
				CLANG_WARN_DEPRECATED_OBJC_IMPLEMENTATIONS = YES;
				CLANG_WARN_DIRECT_OBJC_ISA_USAGE = YES_ERROR;
				CLANG_WARN_DOCUMENTATION_COMMENTS = YES;
				CLANG_WARN_EMPTY_BODY = YES;
				CLANG_WARN_ENUM_CONVERSION = YES;
				CLANG_WARN_INFINITE_RECURSION = YES;
				CLANG_WARN_INT_CONVERSION = YES;
				CLANG_WARN_NON_LITERAL_NULL_CONVERSION = YES;
				CLANG_WARN_OBJC_IMPLICIT_RETAIN_SELF = YES;
				CLANG_WARN_OBJC_LITERAL_CONVERSION = YES;
				CLANG_WARN_OBJC_ROOT_CLASS = YES_ERROR;
				CLANG_WARN_RANGE_LOOP_ANALYSIS = YES;
				CLANG_WARN_STRICT_PROTOTYPES = YES;
				CLANG_WARN_SUSPICIOUS_MOVE = YES;
				CLANG_WARN_UNGUARDED_AVAILABILITY = YES_AGGRESSIVE;
				CLANG_WARN_UNREACHABLE_CODE = YES;
				CLANG_WARN__DUPLICATE_METHOD_MATCH = YES;
				COPY_PHASE_STRIP = NO;
				DEBUG_INFORMATION_FORMAT = "dwarf-with-dsym";
				ENABLE_NS_ASSERTIONS = NO;
				ENABLE_STRICT_OBJC_MSGSEND = YES;
				GCC_C_LANGUAGE_STANDARD = gnu11;
				GCC_NO_COMMON_BLOCKS = YES;
				GCC_WARN_64_TO_32_BIT_CONVERSION = YES;
				GCC_WARN_ABOUT_RETURN_TYPE = YES_ERROR;
				GCC_WARN_UNDECLARED_SELECTOR = YES;
				GCC_WARN_UNINITIALIZED_AUTOS = YES_AGGRESSIVE;
				GCC_WARN_UNUSED_FUNCTION = YES;
				GCC_WARN_UNUSED_VARIABLE = YES;
				IPHONEOS_DEPLOYMENT_TARGET = 13.2;
				MTL_ENABLE_DEBUG_INFO = NO;
				MTL_FAST_MATH = YES;
				SDKROOT = iphoneos;
				SWIFT_COMPILATION_MODE = wholemodule;
				SWIFT_OPTIMIZATION_LEVEL = "-O";
				VALIDATE_PRODUCT = YES;
			};
			name = Release;
		};
		18CB45F923CD975800C470A1 /* Debug */ = {
			isa = XCBuildConfiguration;
			baseConfigurationReference = BC9F81ADCB85924792A4C1E1 /* Pods-VPN.debug.xcconfig */;
			buildSettings = {
				ASSETCATALOG_COMPILER_APPICON_NAME = AppIcon;
				CLANG_ENABLE_MODULES = YES;
				CODE_SIGN_ENTITLEMENTS = VPN/VPN.entitlements;
				CODE_SIGN_IDENTITY = "Apple Development";
				CODE_SIGN_STYLE = Automatic;
				DEVELOPMENT_TEAM = WWTD6G9KA5;
				FRAMEWORK_SEARCH_PATHS = (
					"$(inherited)",
					"$(PROJECT_DIR)",
				);
				INFOPLIST_FILE = VPN/Info.plist;
				IPHONEOS_DEPLOYMENT_TARGET = 9.0;
				LD_RUNPATH_SEARCH_PATHS = (
					"$(inherited)",
					"@executable_path/Frameworks",
				);
				PRODUCT_BUNDLE_IDENTIFIER = com.lingjiang.VPN;
				PRODUCT_NAME = "VPN(L2TP)";
				PROVISIONING_PROFILE_SPECIFIER = "";
				SWIFT_OBJC_BRIDGING_HEADER = "VPN/VPN-Bridging-Header.h";
				SWIFT_OPTIMIZATION_LEVEL = "-Onone";
				SWIFT_VERSION = 5.0;
				TARGETED_DEVICE_FAMILY = "1,2";
			};
			name = Debug;
		};
		18CB45FA23CD975800C470A1 /* Release */ = {
			isa = XCBuildConfiguration;
			baseConfigurationReference = 46C81570A7DABCD51EC4A515 /* Pods-VPN.release.xcconfig */;
			buildSettings = {
				ASSETCATALOG_COMPILER_APPICON_NAME = AppIcon;
				CLANG_ENABLE_MODULES = YES;
				CODE_SIGN_ENTITLEMENTS = VPN/VPN.entitlements;
				CODE_SIGN_IDENTITY = "Apple Development";
				CODE_SIGN_STYLE = Automatic;
				DEVELOPMENT_TEAM = WWTD6G9KA5;
				FRAMEWORK_SEARCH_PATHS = (
					"$(inherited)",
					"$(PROJECT_DIR)",
				);
				INFOPLIST_FILE = VPN/Info.plist;
				IPHONEOS_DEPLOYMENT_TARGET = 9.0;
				LD_RUNPATH_SEARCH_PATHS = (
					"$(inherited)",
					"@executable_path/Frameworks",
				);
				PRODUCT_BUNDLE_IDENTIFIER = com.lingjiang.VPN;
				PRODUCT_NAME = "VPN(L2TP)";
				PROVISIONING_PROFILE_SPECIFIER = "";
				SWIFT_OBJC_BRIDGING_HEADER = "VPN/VPN-Bridging-Header.h";
				SWIFT_VERSION = 5.0;
				TARGETED_DEVICE_FAMILY = "1,2";
			};
			name = Release;
		};
/* End XCBuildConfiguration section */

/* Begin XCConfigurationList section */
		18CB45DF23CD975700C470A1 /* Build configuration list for PBXProject "VPN" */ = {
			isa = XCConfigurationList;
			buildConfigurations = (
				18CB45F623CD975800C470A1 /* Debug */,
				18CB45F723CD975800C470A1 /* Release */,
			);
			defaultConfigurationIsVisible = 0;
			defaultConfigurationName = Release;
		};
		18CB45F823CD975800C470A1 /* Build configuration list for PBXNativeTarget "VPN" */ = {
			isa = XCConfigurationList;
			buildConfigurations = (
				18CB45F923CD975800C470A1 /* Debug */,
				18CB45FA23CD975800C470A1 /* Release */,
			);
			defaultConfigurationIsVisible = 0;
			defaultConfigurationName = Release;
		};
/* End XCConfigurationList section */
	};
	rootObject = 18CB45DC23CD975700C470A1 /* Project object */;
}
